{
  "lockfileVersion": 1,
  "dependencies": {
    "inputmask": {
      "version": "https://registry.npmjs.org/inputmask/-/inputmask-3.3.7.tgz",
      "integrity": "sha1-T74B0+xOUfFakVqpDXNI6B9SHBU=",
      "dev": true
    },
    "jquery": {
      "version": "3.2.1",
      "resolved": "https://registry.npmjs.org/jquery/-/jquery-3.2.1.tgz",
      "integrity": "sha1-XE2d5lKvbNCncBVKYxu6ErAVx4c=",
      "dev": true
    }
  }
}
